
Microsoft Visual Studio Solution File, Format Version 12.00
# Visual Studio Version 16
VisualStudioVersion = 16.0.31729.503
MinimumVisualStudioVersion = 10.0.40219.1
Project("{F184B08F-C81C-45F6-A57F-5ABD9991F28F}") = "TamAnhHRM", "TamAnhHRM.vbproj", "{4CEA7FBE-AE7F-46AA-B2F1-6AA449F13D06}"
EndProject
Project("{F184B08F-C81C-45F6-A57F-5ABD9991F28F}") = "TamAnhHRM.Tests", "..\TamAnhHRM.Tests\TamAnhHRM.Tests.vbproj", "{B866ECAB-79AE-463C-B2D5-E8EEDD387ABC}"
EndProject
Global
	GlobalSection(SolutionConfigurationPlatforms) = preSolution
		Debug|Any CPU = Debug|Any CPU
		Release|Any CPU = Release|Any CPU
	EndGlobalSection
	GlobalSection(ProjectConfigurationPlatforms) = postSolution
		{4CEA7FBE-AE7F-46AA-B2F1-6AA449F13D06}.Debug|Any CPU.ActiveCfg = Debug|Any CPU
		{4CEA7FBE-AE7F-46AA-B2F1-6AA449F13D06}.Debug|Any CPU.Build.0 = Debug|Any CPU
		{4CEA7FBE-AE7F-46AA-B2F1-6AA449F13D06}.Release|Any CPU.ActiveCfg = Release|Any CPU
		{4CEA7FBE-AE7F-46AA-B2F1-6AA449F13D06}.Release|Any CPU.Build.0 = Release|Any CPU
		{B866ECAB-79AE-463C-B2D5-E8EEDD387ABC}.Debug|Any CPU.ActiveCfg = Debug|Any CPU
		{B866ECAB-79AE-463C-B2D5-E8EEDD387ABC}.Debug|Any CPU.Build.0 = Debug|Any CPU
		{B866ECAB-79AE-463C-B2D5-E8EEDD387ABC}.Release|Any CPU.ActiveCfg = Release|Any CPU
		{B866ECAB-79AE-463C-B2D5-E8EEDD387ABC}.Release|Any CPU.Build.0 = Release|Any CPU
	EndGlobalSection
	GlobalSection(SolutionProperties) = preSolution
		HideSolutionNode = FALSE
	EndGlobalSection
	GlobalSection(ExtensibilityGlobals) = postSolution
		SolutionGuid = {B1209E57-6DCD-4A01-AEF4-E7C520A41653}
	EndGlobalSection
EndGlobal
