
Microsoft Visual Studio Solution File, Format Version 12.00
# Visual Studio Version 16
VisualStudioVersion = 16.0.31729.503
MinimumVisualStudioVersion = 10.0.40219.1
Project("{FAE04EC0-301F-11D3-BF4B-00C04F79EFBC}") = "TamAnh-HRM", "TamAnh-HRM\TamAnh-HRM.csproj", "{2B95C0A1-9A78-4967-9BC1-0E8C566DC3BD}"
EndProject
Project("{FAE04EC0-301F-11D3-BF4B-00C04F79EFBC}") = "TamAnh-HRM.Tests", "TamAnh-HRM.Tests\TamAnh-HRM.Tests.csproj", "{E01A9B56-9F51-4AC1-9B74-421D9328E760}"
EndProject
Global
	GlobalSection(SolutionConfigurationPlatforms) = preSolution
		Debug|Any CPU = Debug|Any CPU
		Release|Any CPU = Release|Any CPU
	EndGlobalSection
	GlobalSection(ProjectConfigurationPlatforms) = postSolution
		{2B95C0A1-9A78-4967-9BC1-0E8C566DC3BD}.Debug|Any CPU.ActiveCfg = Debug|Any CPU
		{2B95C0A1-9A78-4967-9BC1-0E8C566DC3BD}.Debug|Any CPU.Build.0 = Debug|Any CPU
		{2B95C0A1-9A78-4967-9BC1-0E8C566DC3BD}.Release|Any CPU.ActiveCfg = Release|Any CPU
		{2B95C0A1-9A78-4967-9BC1-0E8C566DC3BD}.Release|Any CPU.Build.0 = Release|Any CPU
		{E01A9B56-9F51-4AC1-9B74-421D9328E760}.Debug|Any CPU.ActiveCfg = Debug|Any CPU
		{E01A9B56-9F51-4AC1-9B74-421D9328E760}.Debug|Any CPU.Build.0 = Debug|Any CPU
		{E01A9B56-9F51-4AC1-9B74-421D9328E760}.Release|Any CPU.ActiveCfg = Release|Any CPU
		{E01A9B56-9F51-4AC1-9B74-421D9328E760}.Release|Any CPU.Build.0 = Release|Any CPU
	EndGlobalSection
	GlobalSection(SolutionProperties) = preSolution
		HideSolutionNode = FALSE
	EndGlobalSection
	GlobalSection(ExtensibilityGlobals) = postSolution
		SolutionGuid = {A16632B8-0EB8-40FC-8E9D-84CD0DD8AD14}
	EndGlobalSection
EndGlobal
